
Microsoft Visual Studio Solution File, Format Version 12.00
# Visual Studio Version 17
VisualStudioVersion = 17.7.34009.444
MinimumVisualStudioVersion = 10.0.40219.1
Project("{FAE04EC0-301F-11D3-BF4B-00C04F79EFBC}") = "UserRegistrationSystem.BL", "UserRegistrationSystem.BL\UserRegistrationSystem.BL.csproj", "{7A2E5092-4073-4879-BACC-98BB8C9E90A4}"
EndProject
Project("{FAE04EC0-301F-11D3-BF4B-00C04F79EFBC}") = "UserRegistrationSystem.UI", "UserRegistrationSystem.UI\UserRegistrationSystem.UI.csproj", "{D5F23FC1-6F10-410E-9166-E5E26BEEC1F5}"
EndProject
Global
	GlobalSection(SolutionConfigurationPlatforms) = preSolution
		Debug|Any CPU = Debug|Any CPU
		Release|Any CPU = Release|Any CPU
	EndGlobalSection
	GlobalSection(ProjectConfigurationPlatforms) = postSolution
		{7A2E5092-4073-4879-BACC-98BB8C9E90A4}.Debug|Any CPU.ActiveCfg = Debug|Any CPU
		{7A2E5092-4073-4879-BACC-98BB8C9E90A4}.Debug|Any CPU.Build.0 = Debug|Any CPU
		{7A2E5092-4073-4879-BACC-98BB8C9E90A4}.Release|Any CPU.ActiveCfg = Release|Any CPU
		{7A2E5092-4073-4879-BACC-98BB8C9E90A4}.Release|Any CPU.Build.0 = Release|Any CPU
		{D5F23FC1-6F10-410E-9166-E5E26BEEC1F5}.Debug|Any CPU.ActiveCfg = Debug|Any CPU
		{D5F23FC1-6F10-410E-9166-E5E26BEEC1F5}.Debug|Any CPU.Build.0 = Debug|Any CPU
		{D5F23FC1-6F10-410E-9166-E5E26BEEC1F5}.Release|Any CPU.ActiveCfg = Release|Any CPU
		{D5F23FC1-6F10-410E-9166-E5E26BEEC1F5}.Release|Any CPU.Build.0 = Release|Any CPU
	EndGlobalSection
	GlobalSection(SolutionProperties) = preSolution
		HideSolutionNode = FALSE
	EndGlobalSection
	GlobalSection(ExtensibilityGlobals) = postSolution
		SolutionGuid = {7D3D7318-05E1-4D1D-90AF-13E934704506}
	EndGlobalSection
EndGlobal
